
Microsoft Visual Studio Solution File, Format Version 12.00
# Visual Studio 14
VisualStudioVersion = 14.0.23107.0
MinimumVisualStudioVersion = 10.0.40219.1
Project("{FAE04EC0-301F-11D3-BF4B-00C04F79EFBC}") = "Tips.Core", "Tips.Core\Tips.Core.csproj", "{E379BD80-BB57-4C4D-8F92-FF09210DCBED}"
EndProject
Project("{FAE04EC0-301F-11D3-BF4B-00C04F79EFBC}") = "Tips.Web", "Tips.Web\Tips.Web.csproj", "{57CF8DF8-EC4C-467C-9B46-495AA7B367E7}"
EndProject
Project("{FAE04EC0-301F-11D3-BF4B-00C04F79EFBC}") = "Tips.Boot", "Tips.Boot\Tips.Boot.csproj", "{23906EEF-A3FD-45C5-B371-367BDABD6A0A}"
EndProject
Project("{FAE04EC0-301F-11D3-BF4B-00C04F79EFBC}") = "Tips.Model", "Tips.Model\Tips.Model.csproj", "{BD7FA271-119B-451E-83ED-49F7580BFF13}"
EndProject
Global
	GlobalSection(SolutionConfigurationPlatforms) = preSolution
		Debug|Any CPU = Debug|Any CPU
		Release|Any CPU = Release|Any CPU
	EndGlobalSection
	GlobalSection(ProjectConfigurationPlatforms) = postSolution
		{E379BD80-BB57-4C4D-8F92-FF09210DCBED}.Debug|Any CPU.ActiveCfg = Debug|Any CPU
		{E379BD80-BB57-4C4D-8F92-FF09210DCBED}.Debug|Any CPU.Build.0 = Debug|Any CPU
		{E379BD80-BB57-4C4D-8F92-FF09210DCBED}.Release|Any CPU.ActiveCfg = Release|Any CPU
		{E379BD80-BB57-4C4D-8F92-FF09210DCBED}.Release|Any CPU.Build.0 = Release|Any CPU
		{57CF8DF8-EC4C-467C-9B46-495AA7B367E7}.Debug|Any CPU.ActiveCfg = Debug|Any CPU
		{57CF8DF8-EC4C-467C-9B46-495AA7B367E7}.Debug|Any CPU.Build.0 = Debug|Any CPU
		{57CF8DF8-EC4C-467C-9B46-495AA7B367E7}.Release|Any CPU.ActiveCfg = Release|Any CPU
		{57CF8DF8-EC4C-467C-9B46-495AA7B367E7}.Release|Any CPU.Build.0 = Release|Any CPU
		{23906EEF-A3FD-45C5-B371-367BDABD6A0A}.Debug|Any CPU.ActiveCfg = Debug|Any CPU
		{23906EEF-A3FD-45C5-B371-367BDABD6A0A}.Debug|Any CPU.Build.0 = Debug|Any CPU
		{23906EEF-A3FD-45C5-B371-367BDABD6A0A}.Release|Any CPU.ActiveCfg = Release|Any CPU
		{23906EEF-A3FD-45C5-B371-367BDABD6A0A}.Release|Any CPU.Build.0 = Release|Any CPU
		{BD7FA271-119B-451E-83ED-49F7580BFF13}.Debug|Any CPU.ActiveCfg = Debug|Any CPU
		{BD7FA271-119B-451E-83ED-49F7580BFF13}.Debug|Any CPU.Build.0 = Debug|Any CPU
		{BD7FA271-119B-451E-83ED-49F7580BFF13}.Release|Any CPU.ActiveCfg = Release|Any CPU
		{BD7FA271-119B-451E-83ED-49F7580BFF13}.Release|Any CPU.Build.0 = Release|Any CPU
	EndGlobalSection
	GlobalSection(SolutionProperties) = preSolution
		HideSolutionNode = FALSE
	EndGlobalSection
	GlobalSection(ExtensibilityGlobals) = postSolution
		EnterpriseLibraryConfigurationToolBinariesPath = packages\Unity.2.1.505.0\lib\NET35
	EndGlobalSection
EndGlobal
